
Microsoft Visual Studio Solution File, Format Version 12.00
# Visual Studio Version 16
VisualStudioVersion = 16.0.32901.82
MinimumVisualStudioVersion = 10.0.40219.1
Project("{9A19103F-16F7-4668-BE54-9A1E7A4F7556}") = "QA_UI_Selenium_dotNET", "QA_UI_Selenium_dotNET\QA_UI_Selenium_dotNET.csproj", "{E9429601-16F1-4521-ACF4-792ED5A2872F}"
EndProject
Global
	GlobalSection(SolutionConfigurationPlatforms) = preSolution
		Debug|Any CPU = Debug|Any CPU
		Release|Any CPU = Release|Any CPU
	EndGlobalSection
	GlobalSection(ProjectConfigurationPlatforms) = postSolution
		{E9429601-16F1-4521-ACF4-792ED5A2872F}.Debug|Any CPU.ActiveCfg = Debug|Any CPU
		{E9429601-16F1-4521-ACF4-792ED5A2872F}.Debug|Any CPU.Build.0 = Debug|Any CPU
		{E9429601-16F1-4521-ACF4-792ED5A2872F}.Release|Any CPU.ActiveCfg = Release|Any CPU
		{E9429601-16F1-4521-ACF4-792ED5A2872F}.Release|Any CPU.Build.0 = Release|Any CPU
	EndGlobalSection
	GlobalSection(SolutionProperties) = preSolution
		HideSolutionNode = FALSE
	EndGlobalSection
	GlobalSection(ExtensibilityGlobals) = postSolution
		SolutionGuid = {DE7AD208-3C42-4393-B350-31DD0C71C3A7}
	EndGlobalSection
EndGlobal
